
Microsoft Visual Studio Solution File, Format Version 12.00
# Visual Studio Version 17
VisualStudioVersion = 17.10.35013.160
MinimumVisualStudioVersion = 10.0.40219.1
Project("{FAE04EC0-301F-11D3-BF4B-00C04F79EFBC}") = "CalculatorApp", "CalculatorApp\CalculatorApp.csproj", "{2E20CAA5-3F1C-4126-B70F-3FD935EA9F1B}"
EndProject
Project("{FAE04EC0-301F-11D3-BF4B-00C04F79EFBC}") = "CalculatorApp.Test", "CalculatorApp.Test\CalculatorApp.Test.csproj", "{7485AAAD-FCAA-41F5-BE5E-C4CEA2E67911}"
EndProject
Global
	GlobalSection(SolutionConfigurationPlatforms) = preSolution
		Debug|Any CPU = Debug|Any CPU
		Release|Any CPU = Release|Any CPU
	EndGlobalSection
	GlobalSection(ProjectConfigurationPlatforms) = postSolution
		{2E20CAA5-3F1C-4126-B70F-3FD935EA9F1B}.Debug|Any CPU.ActiveCfg = Debug|Any CPU
		{2E20CAA5-3F1C-4126-B70F-3FD935EA9F1B}.Debug|Any CPU.Build.0 = Debug|Any CPU
		{2E20CAA5-3F1C-4126-B70F-3FD935EA9F1B}.Release|Any CPU.ActiveCfg = Release|Any CPU
		{2E20CAA5-3F1C-4126-B70F-3FD935EA9F1B}.Release|Any CPU.Build.0 = Release|Any CPU
		{7485AAAD-FCAA-41F5-BE5E-C4CEA2E67911}.Debug|Any CPU.ActiveCfg = Debug|Any CPU
		{7485AAAD-FCAA-41F5-BE5E-C4CEA2E67911}.Debug|Any CPU.Build.0 = Debug|Any CPU
		{7485AAAD-FCAA-41F5-BE5E-C4CEA2E67911}.Release|Any CPU.ActiveCfg = Release|Any CPU
		{7485AAAD-FCAA-41F5-BE5E-C4CEA2E67911}.Release|Any CPU.Build.0 = Release|Any CPU
	EndGlobalSection
	GlobalSection(SolutionProperties) = preSolution
		HideSolutionNode = FALSE
	EndGlobalSection
	GlobalSection(ExtensibilityGlobals) = postSolution
		SolutionGuid = {BDDD3C47-8681-46E5-AAC4-DC9AA9B230CC}
	EndGlobalSection
EndGlobal
